{
  "name": "blockchain",
  "version": "1.0.0",
  "lockfileVersion": 3,
  "requires": true,
  "packages": {
    "": {
      "name": "blockchain",
      "version": "1.0.0",
      "license": "ISC",
      "dependencies": {
        "crypto-js": "^4.2.0",
        "hex-to-binary": "^1.0.1"
      }
    },
    "node_modules/crypto-js": {
      "version": "4.2.0",
      "resolved": "https://registry.npmjs.org/crypto-js/-/crypto-js-4.2.0.tgz",
      "integrity": "sha512-KALDyEYgpY+Rlob/iriUtjV6d5Eq+Y191A5g4UqLAi8CyGP9N1+FdVbkc1SxKc2r4YAYqG8JzO2KGL+AizD70Q=="
    },
    "node_modules/hex-to-binary": {
      "version": "1.0.1",
      "resolved": "https://registry.npmjs.org/hex-to-binary/-/hex-to-binary-1.0.1.tgz",
      "integrity": "sha512-m1ykzQs9fKfgfzXj2oV5xAWoyGaudwa0qxY4IDUOgY8J69fKY7mXdwTfQHtS3Y5kglpwM7UmyCSQFKnL87FrdQ=="
    }
  }
}
